{
  "name": "setup-node",
  "version": "0.1.0",
  "lockfileVersion": 1,
  "requires": true,
  "dependencies": {
    "@actions/core": {
      "version": "file:toolkit/actions-core-0.1.0.tgz",
      "integrity": "sha512-1I2vFY5r80QcbM1R8Ika5Ke9uWGrF8nl33oQuP3bXVG47wMIw1DdAVK0A17CHJe5ObHU4gpwTuQakUdZaOlg0w==",
      "requires": {
        "@actions/exit": "file:toolkit/actions-exit-0.0.0.tgz"
      }
    },
    "@actions/exec": {
      "version": "file:toolkit/actions-exec-1.0.0.tgz",
      "integrity": "sha512-AxtupsjQceVIf6nEECts5a1pDpWO4r3yq5lpTA73g1FXA0awDdTW3r9NFn8NGF6UaydkIN0BEOasQlS5qS30zg=="
    },
    "@actions/exit": {
      "version": "file:toolkit/actions-exit-0.0.0.tgz",
      "integrity": "sha512-vQdxFWM0/AERkC79mQ886SqPmV4joWhrSF7hiSTiJoKkE9eTjrKV5WQtp7SXv6OntrQkKX+ZjgdGpv+0rvJRCw=="
    },
    "@actions/io": {
      "version": "file:toolkit/actions-io-1.0.0.tgz",
      "integrity": "sha512-Dox3bRCdyxoG0o1mSHt/uINbyQ2SfbhtJmmMuUQny6ARB1hU8ZUi+XR0cHUfd/SrwdzLUrxX4dV8x8ylNSBQpA=="
    },
    "@actions/tool-cache": {
      "version": "file:toolkit/actions-tool-cache-1.0.0.tgz",
      "integrity": "sha512-OfhQEpxnVfuaeBL2kbD+GfpoY1pOuBEIDKZowE/R0vPsJB/pML1VezhvBDbP8D8IBZA46aeQDA3l4iOsB69Hlw==",
      "requires": {
        "@actions/core": "file:toolkit/actions-core-0.1.0.tgz",
        "@actions/exec": "file:toolkit/actions-exec-1.0.0.tgz",
        "@actions/io": "file:toolkit/actions-io-1.0.0.tgz",
        "semver": "6.1.1",
        "typed-rest-client": "1.4.0",
        "uuid": "3.3.2"
      }
    },
    "@types/node": {
      "version": "12.0.4",
      "resolved": "https://registry.npmjs.org/@types/node/-/node-12.0.4.tgz",
      "integrity": "sha512-j8YL2C0fXq7IONwl/Ud5Kt0PeXw22zGERt+HSSnwbKOJVsAGkEz3sFCYwaF9IOuoG1HOtE0vKCj6sXF7Q0+Vaw==",
      "dev": true
    },
    "@types/semver": {
      "version": "6.0.0",
      "resolved": "https://registry.npmjs.org/@types/semver/-/semver-6.0.0.tgz",
      "integrity": "sha512-OO0srjOGH99a4LUN2its3+r6CBYcplhJ466yLqs+zvAWgphCpS8hYZEZ797tRDP/QKcqTdb/YCN6ifASoAWkrQ==",
      "dev": true
    },
    "prettier": {
      "version": "1.17.1",
      "resolved": "https://registry.npmjs.org/prettier/-/prettier-1.17.1.tgz",
      "integrity": "sha512-TzGRNvuUSmPgwivDqkZ9tM/qTGW9hqDKWOE9YHiyQdixlKbv7kvEqsmDPrcHJTKwthU774TQwZXVtaQ/mMsvjg==",
      "dev": true
    },
    "semver": {
      "version": "6.1.1",
      "resolved": "https://registry.npmjs.org/semver/-/semver-6.1.1.tgz",
      "integrity": "sha512-rWYq2e5iYW+fFe/oPPtYJxYgjBm8sC4rmoGdUOgBB7VnwKt6HrL793l2voH1UlsyYZpJ4g0wfjnTEO1s1NP2eQ=="
    },
    "tunnel": {
      "version": "0.0.4",
      "resolved": "https://registry.npmjs.org/tunnel/-/tunnel-0.0.4.tgz",
      "integrity": "sha1-LTeFoVjBdMmhbcLARuxfxfF0IhM="
    },
    "typed-rest-client": {
      "version": "1.4.0",
      "resolved": "https://registry.npmjs.org/typed-rest-client/-/typed-rest-client-1.4.0.tgz",
      "integrity": "sha512-f+3+X13CIpkv0WvFERkXq4aH5BYzyeYclf8t+X7oa/YaE80EjYW12kphY0aEQBaL9RzChP0MSbsVhB4X+bzyDw==",
      "requires": {
        "tunnel": "0.0.4",
        "underscore": "1.8.3"
      }
    },
    "typescript": {
      "version": "3.5.1",
      "resolved": "https://registry.npmjs.org/typescript/-/typescript-3.5.1.tgz",
      "integrity": "sha512-64HkdiRv1yYZsSe4xC1WVgamNigVYjlssIoaH2HcZF0+ijsk5YK2g0G34w9wJkze8+5ow4STd22AynfO6ZYYLw==",
      "dev": true
    },
    "underscore": {
      "version": "1.8.3",
      "resolved": "https://registry.npmjs.org/underscore/-/underscore-1.8.3.tgz",
      "integrity": "sha1-Tz+1OxBuYJf8+ctBCfKl6b36UCI="
    },
    "uuid": {
      "version": "3.3.2",
      "resolved": "https://registry.npmjs.org/uuid/-/uuid-3.3.2.tgz",
      "integrity": "sha512-yXJmeNaw3DnnKAOKJE51sL/ZaYfWJRl1pK9dr19YFCu0ObS231AB1/LbqTKRAQ5kw8A90rA6fr4riOUpTZvQZA=="
    }
  }
}
