lockfileVersion: '9.0'

settings:
  autoInstallPeers: true
  excludeLinksFromLockfile: false

importers:

  .:
    dependencies:
      path-to-regexp:
        specifier: ^0.1.10
        version: 0.1.10

packages:

  path-to-regexp@0.1.10:
    resolution: {integrity: sha512-7lf7qcQidTku0Gu3YDPc8DJ1q7OOucfa/BSsIwjuh56VU7katFvuM8hULfkwB3Fns/rsVF7PwPKVw1sl5KQS9w==}

snapshots:

  path-to-regexp@0.1.10: {}
