# THIS IS AN AUTOGENERATED FILE. DO NOT EDIT THIS FILE DIRECTLY.
# yarn lockfile v1


path-to-regexp@^0.1.10:
  version "0.1.10"
  resolved "https://registry.yarnpkg.com/path-to-regexp/-/path-to-regexp-0.1.10.tgz#67e9108c5c0551b9e5326064387de4763c4d5f8b"
  integrity sha512-7lf7qcQidTku0Gu3YDPc8DJ1q7OOucfa/BSsIwjuh56VU7katFvuM8hULfkwB3Fns/rsVF7PwPKVw1sl5KQS9w==
